
Microsoft Visual Studio Solution File, Format Version 12.00
# Visual Studio 14
VisualStudioVersion = 14.0.25420.1
MinimumVisualStudioVersion = 10.0.40219.1
Project("{FAE04EC0-301F-11D3-BF4B-00C04F79EFBC}") = "WebUI", "WebUI\WebUI.csproj", "{FFD725E2-9E71-4FA0-ACB4-060EA41DC431}"
EndProject
Project("{FAE04EC0-301F-11D3-BF4B-00C04F79EFBC}") = "EventGenerator", "EventGenerator\EventGenerator.csproj", "{C4C24C6E-BE1C-4CBA-BE91-D0A8A57CEB1F}"
EndProject
Project("{FAE04EC0-301F-11D3-BF4B-00C04F79EFBC}") = "Shared", "Shared\Shared.csproj", "{120F6B60-53A3-4B9A-8248-E48A384AA48C}"
EndProject
Global
	GlobalSection(SolutionConfigurationPlatforms) = preSolution
		Debug|Any CPU = Debug|Any CPU
		Release|Any CPU = Release|Any CPU
	EndGlobalSection
	GlobalSection(ProjectConfigurationPlatforms) = postSolution
		{FFD725E2-9E71-4FA0-ACB4-060EA41DC431}.Debug|Any CPU.ActiveCfg = Debug|Any CPU
		{FFD725E2-9E71-4FA0-ACB4-060EA41DC431}.Debug|Any CPU.Build.0 = Debug|Any CPU
		{FFD725E2-9E71-4FA0-ACB4-060EA41DC431}.Release|Any CPU.ActiveCfg = Release|Any CPU
		{FFD725E2-9E71-4FA0-ACB4-060EA41DC431}.Release|Any CPU.Build.0 = Release|Any CPU
		{C4C24C6E-BE1C-4CBA-BE91-D0A8A57CEB1F}.Debug|Any CPU.ActiveCfg = Debug|Any CPU
		{C4C24C6E-BE1C-4CBA-BE91-D0A8A57CEB1F}.Debug|Any CPU.Build.0 = Debug|Any CPU
		{C4C24C6E-BE1C-4CBA-BE91-D0A8A57CEB1F}.Release|Any CPU.ActiveCfg = Release|Any CPU
		{C4C24C6E-BE1C-4CBA-BE91-D0A8A57CEB1F}.Release|Any CPU.Build.0 = Release|Any CPU
		{120F6B60-53A3-4B9A-8248-E48A384AA48C}.Debug|Any CPU.ActiveCfg = Debug|Any CPU
		{120F6B60-53A3-4B9A-8248-E48A384AA48C}.Debug|Any CPU.Build.0 = Debug|Any CPU
		{120F6B60-53A3-4B9A-8248-E48A384AA48C}.Release|Any CPU.ActiveCfg = Release|Any CPU
		{120F6B60-53A3-4B9A-8248-E48A384AA48C}.Release|Any CPU.Build.0 = Release|Any CPU
	EndGlobalSection
	GlobalSection(SolutionProperties) = preSolution
		HideSolutionNode = FALSE
	EndGlobalSection
EndGlobal
